# THIS IS AN AUTOGENERATED FILE. DO NOT EDIT THIS FILE DIRECTLY.
# yarn lockfile v1


react-native-swipe-gestures@^1.0.4:
  version "1.0.4"
  resolved "https://registry.yarnpkg.com/react-native-swipe-gestures/-/react-native-swipe-gestures-1.0.4.tgz#6a9c6613bfe06cd9014a36a2c4a09f719ff62451"
  integrity sha512-C/vz0KPHNyqHk3uF4Cz/jzd/0N8z34ZgsjAZUh/RsXPH2FtJJf3Fw73pQDWJSoCMtvVadlztb8xQ+/aEQrll7w==
